
Microsoft Visual Studio Solution File, Format Version 12.00
# Visual Studio 15
VisualStudioVersion = 15.0.27130.2036
MinimumVisualStudioVersion = 10.0.40219.1
Project("{FAE04EC0-301F-11D3-BF4B-00C04F79EFBC}") = "Nile.Windows", "Nile.Windows\Nile.Windows.csproj", "{F979E7BD-F83F-4A36-8EF3-6AB4C38C1BD6}"
EndProject
Project("{FAE04EC0-301F-11D3-BF4B-00C04F79EFBC}") = "Nile", "Nile\Nile.csproj", "{8267A989-7017-4D17-8413-BDF1F4C4BC90}"
EndProject
Project("{FAE04EC0-301F-11D3-BF4B-00C04F79EFBC}") = "Nile.Data.Memory", "Nile.Data.Memory\Nile.Data.Memory.csproj", "{9EA14AC6-076D-421B-BB5B-C5DB4E81A0B1}"
EndProject
Project("{FAE04EC0-301F-11D3-BF4B-00C04F79EFBC}") = "Nile.Data.IO", "Nile.Data.IO\Nile.Data.IO.csproj", "{EE5F77DF-5095-42A3-9148-AD303667BE12}"
EndProject
Project("{FAE04EC0-301F-11D3-BF4B-00C04F79EFBC}") = "Nile.Data.Sql", "Nile.Data.Sql\Nile.Data.Sql.csproj", "{FD9DED31-DF3B-4DE4-BD82-28FF510BB855}"
EndProject
Project("{00D1A9C2-B5F0-4AF3-8072-F6C62B433612}") = "NileDatabase", "NileDatabase\NileDatabase.sqlproj", "{56C0ADF1-90E3-4E66-998C-20FE50D88A2D}"
EndProject
Global
	GlobalSection(SolutionConfigurationPlatforms) = preSolution
		Debug|Any CPU = Debug|Any CPU
		Release|Any CPU = Release|Any CPU
	EndGlobalSection
	GlobalSection(ProjectConfigurationPlatforms) = postSolution
		{F979E7BD-F83F-4A36-8EF3-6AB4C38C1BD6}.Debug|Any CPU.ActiveCfg = Debug|Any CPU
		{F979E7BD-F83F-4A36-8EF3-6AB4C38C1BD6}.Debug|Any CPU.Build.0 = Debug|Any CPU
		{F979E7BD-F83F-4A36-8EF3-6AB4C38C1BD6}.Release|Any CPU.ActiveCfg = Release|Any CPU
		{F979E7BD-F83F-4A36-8EF3-6AB4C38C1BD6}.Release|Any CPU.Build.0 = Release|Any CPU
		{8267A989-7017-4D17-8413-BDF1F4C4BC90}.Debug|Any CPU.ActiveCfg = Debug|Any CPU
		{8267A989-7017-4D17-8413-BDF1F4C4BC90}.Debug|Any CPU.Build.0 = Debug|Any CPU
		{8267A989-7017-4D17-8413-BDF1F4C4BC90}.Release|Any CPU.ActiveCfg = Release|Any CPU
		{8267A989-7017-4D17-8413-BDF1F4C4BC90}.Release|Any CPU.Build.0 = Release|Any CPU
		{9EA14AC6-076D-421B-BB5B-C5DB4E81A0B1}.Debug|Any CPU.ActiveCfg = Debug|Any CPU
		{9EA14AC6-076D-421B-BB5B-C5DB4E81A0B1}.Debug|Any CPU.Build.0 = Debug|Any CPU
		{9EA14AC6-076D-421B-BB5B-C5DB4E81A0B1}.Release|Any CPU.ActiveCfg = Release|Any CPU
		{9EA14AC6-076D-421B-BB5B-C5DB4E81A0B1}.Release|Any CPU.Build.0 = Release|Any CPU
		{EE5F77DF-5095-42A3-9148-AD303667BE12}.Debug|Any CPU.ActiveCfg = Debug|Any CPU
		{EE5F77DF-5095-42A3-9148-AD303667BE12}.Debug|Any CPU.Build.0 = Debug|Any CPU
		{EE5F77DF-5095-42A3-9148-AD303667BE12}.Release|Any CPU.ActiveCfg = Release|Any CPU
		{EE5F77DF-5095-42A3-9148-AD303667BE12}.Release|Any CPU.Build.0 = Release|Any CPU
		{FD9DED31-DF3B-4DE4-BD82-28FF510BB855}.Debug|Any CPU.ActiveCfg = Debug|Any CPU
		{FD9DED31-DF3B-4DE4-BD82-28FF510BB855}.Debug|Any CPU.Build.0 = Debug|Any CPU
		{FD9DED31-DF3B-4DE4-BD82-28FF510BB855}.Release|Any CPU.ActiveCfg = Release|Any CPU
		{FD9DED31-DF3B-4DE4-BD82-28FF510BB855}.Release|Any CPU.Build.0 = Release|Any CPU
		{56C0ADF1-90E3-4E66-998C-20FE50D88A2D}.Debug|Any CPU.ActiveCfg = Debug|Any CPU
		{56C0ADF1-90E3-4E66-998C-20FE50D88A2D}.Debug|Any CPU.Build.0 = Debug|Any CPU
		{56C0ADF1-90E3-4E66-998C-20FE50D88A2D}.Debug|Any CPU.Deploy.0 = Debug|Any CPU
		{56C0ADF1-90E3-4E66-998C-20FE50D88A2D}.Release|Any CPU.ActiveCfg = Release|Any CPU
		{56C0ADF1-90E3-4E66-998C-20FE50D88A2D}.Release|Any CPU.Build.0 = Release|Any CPU
		{56C0ADF1-90E3-4E66-998C-20FE50D88A2D}.Release|Any CPU.Deploy.0 = Release|Any CPU
	EndGlobalSection
	GlobalSection(SolutionProperties) = preSolution
		HideSolutionNode = FALSE
	EndGlobalSection
	GlobalSection(ExtensibilityGlobals) = postSolution
		SolutionGuid = {7FCD499E-95F6-4920-A4C1-12A8980648D4}
	EndGlobalSection
EndGlobal
